// !$*UTF8*$!
{
	archiveVersion = 1;
	classes = {
	};
	objectVersion = 51;
	objects = {

/* Begin PBXBuildFile section */
		7708E0441EE77EC9654E8B03 /* Pods_firebase_testTests.framework in Frameworks */ = {isa = PBXBuildFile; fileRef = F104E73970633CC87F19392D /* Pods_firebase_testTests.framework */; };
		8F99C6338E85BFBBFE447FE0 /* Pods_firebase_test_firebase_testUITests.framework in Frameworks */ = {isa = PBXBuildFile; fileRef = 455F9F949F958D7139979A6A /* Pods_firebase_test_firebase_testUITests.framework */; };
		D42C67F106EDD5242CB3AB97 /* Pods_firebase_test.framework in Frameworks */ = {isa = PBXBuildFile; fileRef = 7F3CF306F8E9E318D3D45C0E /* Pods_firebase_test.framework */; };
		ED9C0B4C2643E776002418B5 /* AppDelegate.swift in Sources */ = {isa = PBXBuildFile; fileRef = ED9C0B4B2643E776002418B5 /* AppDelegate.swift */; };
		ED9C0B4E2643E776002418B5 /* SceneDelegate.swift in Sources */ = {isa = PBXBuildFile; fileRef = ED9C0B4D2643E776002418B5 /* SceneDelegate.swift */; };
		ED9C0B502643E776002418B5 /* ViewController.swift in Sources */ = {isa = PBXBuildFile; fileRef = ED9C0B4F2643E776002418B5 /* ViewController.swift */; };
		ED9C0B532643E776002418B5 /* Main.storyboard in Resources */ = {isa = PBXBuildFile; fileRef = ED9C0B512643E776002418B5 /* Main.storyboard */; };
		ED9C0B552643E77A002418B5 /* Assets.xcassets in Resources */ = {isa = PBXBuildFile; fileRef = ED9C0B542643E77A002418B5 /* Assets.xcassets */; };
		ED9C0B582643E77A002418B5 /* LaunchScreen.storyboard in Resources */ = {isa = PBXBuildFile; fileRef = ED9C0B562643E77A002418B5 /* LaunchScreen.storyboard */; };
		ED9C0B632643E77B002418B5 /* firebase_testTests.swift in Sources */ = {isa = PBXBuildFile; fileRef = ED9C0B622643E77B002418B5 /* firebase_testTests.swift */; };
		ED9C0B6E2643E77B002418B5 /* firebase_testUITests.swift in Sources */ = {isa = PBXBuildFile; fileRef = ED9C0B6D2643E77B002418B5 /* firebase_testUITests.swift */; };
		ED9C0C69264513CD002418B5 /* GoogleService-Info.plist in Resources */ = {isa = PBXBuildFile; fileRef = ED9C0C68264513CD002418B5 /* GoogleService-Info.plist */; };
/* End PBXBuildFile section */

/* Begin PBXContainerItemProxy section */
		ED9C0B5F2643E77B002418B5 /* PBXContainerItemProxy */ = {
			isa = PBXContainerItemProxy;
			containerPortal = ED9C0B402643E776002418B5 /* Project object */;
			proxyType = 1;
			remoteGlobalIDString = ED9C0B472643E776002418B5;
			remoteInfo = firebase_test;
		};
		ED9C0B6A2643E77B002418B5 /* PBXContainerItemProxy */ = {
			isa = PBXContainerItemProxy;
			containerPortal = ED9C0B402643E776002418B5 /* Project object */;
			proxyType = 1;
			remoteGlobalIDString = ED9C0B472643E776002418B5;
			remoteInfo = firebase_test;
		};
/* End PBXContainerItemProxy section */

/* Begin PBXFileReference section */
		1A484AB9A5C30C64A4130674 /* Pods-firebase_testTests.release.xcconfig */ = {isa = PBXFileReference; includeInIndex = 1; lastKnownFileType = text.xcconfig; name = "Pods-firebase_testTests.release.xcconfig"; path = "Target Support Files/Pods-firebase_testTests/Pods-firebase_testTests.release.xcconfig"; sourceTree = "<group>"; };
		2EAAA060DCE5CDE9ED9A7D47 /* Pods-firebase_test-firebase_testUITests.debug.xcconfig */ = {isa = PBXFileReference; includeInIndex = 1; lastKnownFileType = text.xcconfig; name = "Pods-firebase_test-firebase_testUITests.debug.xcconfig"; path = "Target Support Files/Pods-firebase_test-firebase_testUITests/Pods-firebase_test-firebase_testUITests.debug.xcconfig"; sourceTree = "<group>"; };
		455F9F949F958D7139979A6A /* Pods_firebase_test_firebase_testUITests.framework */ = {isa = PBXFileReference; explicitFileType = wrapper.framework; includeInIndex = 0; path = Pods_firebase_test_firebase_testUITests.framework; sourceTree = BUILT_PRODUCTS_DIR; };
		537D3676446299F32986BFCA /* Pods-firebase_test.debug.xcconfig */ = {isa = PBXFileReference; includeInIndex = 1; lastKnownFileType = text.xcconfig; name = "Pods-firebase_test.debug.xcconfig"; path = "Target Support Files/Pods-firebase_test/Pods-firebase_test.debug.xcconfig"; sourceTree = "<group>"; };
		691495D5FB8999847D304BDD /* Pods-firebase_test-firebase_testUITests.release.xcconfig */ = {isa = PBXFileReference; includeInIndex = 1; lastKnownFileType = text.xcconfig; name = "Pods-firebase_test-firebase_testUITests.release.xcconfig"; path = "Target Support Files/Pods-firebase_test-firebase_testUITests/Pods-firebase_test-firebase_testUITests.release.xcconfig"; sourceTree = "<group>"; };
		776EC7DB31A881C4457E60AD /* Pods-firebase_test.release.xcconfig */ = {isa = PBXFileReference; includeInIndex = 1; lastKnownFileType = text.xcconfig; name = "Pods-firebase_test.release.xcconfig"; path = "Target Support Files/Pods-firebase_test/Pods-firebase_test.release.xcconfig"; sourceTree = "<group>"; };
		7F3CF306F8E9E318D3D45C0E /* Pods_firebase_test.framework */ = {isa = PBXFileReference; explicitFileType = wrapper.framework; includeInIndex = 0; path = Pods_firebase_test.framework; sourceTree = BUILT_PRODUCTS_DIR; };
		99B55ADB38C1D9BAC537B773 /* Pods-firebase_testTests.debug.xcconfig */ = {isa = PBXFileReference; includeInIndex = 1; lastKnownFileType = text.xcconfig; name = "Pods-firebase_testTests.debug.xcconfig"; path = "Target Support Files/Pods-firebase_testTests/Pods-firebase_testTests.debug.xcconfig"; sourceTree = "<group>"; };
		ED9C0B482643E776002418B5 /* firebase_test.app */ = {isa = PBXFileReference; explicitFileType = wrapper.application; includeInIndex = 0; path = firebase_test.app; sourceTree = BUILT_PRODUCTS_DIR; };
		ED9C0B4B2643E776002418B5 /* AppDelegate.swift */ = {isa = PBXFileReference; lastKnownFileType = sourcecode.swift; path = AppDelegate.swift; sourceTree = "<group>"; };
		ED9C0B4D2643E776002418B5 /* SceneDelegate.swift */ = {isa = PBXFileReference; lastKnownFileType = sourcecode.swift; path = SceneDelegate.swift; sourceTree = "<group>"; };
		ED9C0B4F2643E776002418B5 /* ViewController.swift */ = {isa = PBXFileReference; lastKnownFileType = sourcecode.swift; path = ViewController.swift; sourceTree = "<group>"; };
		ED9C0B522643E776002418B5 /* Base */ = {isa = PBXFileReference; lastKnownFileType = file.storyboard; name = Base; path = Base.lproj/Main.storyboard; sourceTree = "<group>"; };
		ED9C0B542643E77A002418B5 /* Assets.xcassets */ = {isa = PBXFileReference; lastKnownFileType = folder.assetcatalog; path = Assets.xcassets; sourceTree = "<group>"; };
		ED9C0B572643E77A002418B5 /* Base */ = {isa = PBXFileReference; lastKnownFileType = file.storyboard; name = Base; path = Base.lproj/LaunchScreen.storyboard; sourceTree = "<group>"; };
		ED9C0B592643E77A002418B5 /* Info.plist */ = {isa = PBXFileReference; lastKnownFileType = text.plist.xml; path = Info.plist; sourceTree = "<group>"; };
		ED9C0B5E2643E77B002418B5 /* firebase_testTests.xctest */ = {isa = PBXFileReference; explicitFileType = wrapper.cfbundle; includeInIndex = 0; path = firebase_testTests.xctest; sourceTree = BUILT_PRODUCTS_DIR; };
		ED9C0B622643E77B002418B5 /* firebase_testTests.swift */ = {isa = PBXFileReference; lastKnownFileType = sourcecode.swift; path = firebase_testTests.swift; sourceTree = "<group>"; };
		ED9C0B642643E77B002418B5 /* Info.plist */ = {isa = PBXFileReference; lastKnownFileType = text.plist.xml; path = Info.plist; sourceTree = "<group>"; };
		ED9C0B692643E77B002418B5 /* firebase_testUITests.xctest */ = {isa = PBXFileReference; explicitFileType = wrapper.cfbundle; includeInIndex = 0; path = firebase_testUITests.xctest; sourceTree = BUILT_PRODUCTS_DIR; };
		ED9C0B6D2643E77B002418B5 /* firebase_testUITests.swift */ = {isa = PBXFileReference; lastKnownFileType = sourcecode.swift; path = firebase_testUITests.swift; sourceTree = "<group>"; };
		ED9C0B6F2643E77B002418B5 /* Info.plist */ = {isa = PBXFileReference; lastKnownFileType = text.plist.xml; path = Info.plist; sourceTree = "<group>"; };
		ED9C0C68264513CD002418B5 /* GoogleService-Info.plist */ = {isa = PBXFileReference; fileEncoding = 4; lastKnownFileType = text.plist.xml; path = "GoogleService-Info.plist"; sourceTree = "<group>"; };
		F104E73970633CC87F19392D /* Pods_firebase_testTests.framework */ = {isa = PBXFileReference; explicitFileType = wrapper.framework; includeInIndex = 0; path = Pods_firebase_testTests.framework; sourceTree = BUILT_PRODUCTS_DIR; };
/* End PBXFileReference section */

/* Begin PBXFrameworksBuildPhase section */
		ED9C0B452643E776002418B5 /* Frameworks */ = {
			isa = PBXFrameworksBuildPhase;
			buildActionMask = 2147483647;
			files = (
				D42C67F106EDD5242CB3AB97 /* Pods_firebase_test.framework in Frameworks */,
			);
			runOnlyForDeploymentPostprocessing = 0;
		};
		ED9C0B5B2643E77B002418B5 /* Frameworks */ = {
			isa = PBXFrameworksBuildPhase;
			buildActionMask = 2147483647;
			files = (
				7708E0441EE77EC9654E8B03 /* Pods_firebase_testTests.framework in Frameworks */,
			);
			runOnlyForDeploymentPostprocessing = 0;
		};
		ED9C0B662643E77B002418B5 /* Frameworks */ = {
			isa = PBXFrameworksBuildPhase;
			buildActionMask = 2147483647;
			files = (
				8F99C6338E85BFBBFE447FE0 /* Pods_firebase_test_firebase_testUITests.framework in Frameworks */,
			);
			runOnlyForDeploymentPostprocessing = 0;
		};
/* End PBXFrameworksBuildPhase section */

/* Begin PBXGroup section */
		45A1673CDC0FD86A90C4FA50 /* Frameworks */ = {
			isa = PBXGroup;
			children = (
				7F3CF306F8E9E318D3D45C0E /* Pods_firebase_test.framework */,
				455F9F949F958D7139979A6A /* Pods_firebase_test_firebase_testUITests.framework */,
				F104E73970633CC87F19392D /* Pods_firebase_testTests.framework */,
			);
			name = Frameworks;
			sourceTree = "<group>";
		};
		ED9C0B3F2643E776002418B5 = {
			isa = PBXGroup;
			children = (
				ED9C0B4A2643E776002418B5 /* firebase_test */,
				ED9C0B612643E77B002418B5 /* firebase_testTests */,
				ED9C0B6C2643E77B002418B5 /* firebase_testUITests */,
				ED9C0B492643E776002418B5 /* Products */,
				F9CB939C9175EC6789BC9067 /* Pods */,
				45A1673CDC0FD86A90C4FA50 /* Frameworks */,
			);
			sourceTree = "<group>";
		};
		ED9C0B492643E776002418B5 /* Products */ = {
			isa = PBXGroup;
			children = (
				ED9C0B482643E776002418B5 /* firebase_test.app */,
				ED9C0B5E2643E77B002418B5 /* firebase_testTests.xctest */,
				ED9C0B692643E77B002418B5 /* firebase_testUITests.xctest */,
			);
			name = Products;
			sourceTree = "<group>";
		};
		ED9C0B4A2643E776002418B5 /* firebase_test */ = {
			isa = PBXGroup;
			children = (
				ED9C0C68264513CD002418B5 /* GoogleService-Info.plist */,
				ED9C0B4B2643E776002418B5 /* AppDelegate.swift */,
				ED9C0B4D2643E776002418B5 /* SceneDelegate.swift */,
				ED9C0B4F2643E776002418B5 /* ViewController.swift */,
				ED9C0B512643E776002418B5 /* Main.storyboard */,
				ED9C0B542643E77A002418B5 /* Assets.xcassets */,
				ED9C0B562643E77A002418B5 /* LaunchScreen.storyboard */,
				ED9C0B592643E77A002418B5 /* Info.plist */,
			);
			path = firebase_test;
			sourceTree = "<group>";
		};
		ED9C0B612643E77B002418B5 /* firebase_testTests */ = {
			isa = PBXGroup;
			children = (
				ED9C0B622643E77B002418B5 /* firebase_testTests.swift */,
				ED9C0B642643E77B002418B5 /* Info.plist */,
			);
			path = firebase_testTests;
			sourceTree = "<group>";
		};
		ED9C0B6C2643E77B002418B5 /* firebase_testUITests */ = {
			isa = PBXGroup;
			children = (
				ED9C0B6D2643E77B002418B5 /* firebase_testUITests.swift */,
				ED9C0B6F2643E77B002418B5 /* Info.plist */,
			);
			path = firebase_testUITests;
			sourceTree = "<group>";
		};
		F9CB939C9175EC6789BC9067 /* Pods */ = {
			isa = PBXGroup;
			children = (
				537D3676446299F32986BFCA /* Pods-firebase_test.debug.xcconfig */,
				776EC7DB31A881C4457E60AD /* Pods-firebase_test.release.xcconfig */,
				2EAAA060DCE5CDE9ED9A7D47 /* Pods-firebase_test-firebase_testUITests.debug.xcconfig */,
				691495D5FB8999847D304BDD /* Pods-firebase_test-firebase_testUITests.release.xcconfig */,
				99B55ADB38C1D9BAC537B773 /* Pods-firebase_testTests.debug.xcconfig */,
				1A484AB9A5C30C64A4130674 /* Pods-firebase_testTests.release.xcconfig */,
			);
			path = Pods;
			sourceTree = "<group>";
		};
/* End PBXGroup section */

/* Begin PBXNativeTarget section */
		ED9C0B472643E776002418B5 /* firebase_test */ = {
			isa = PBXNativeTarget;
			buildConfigurationList = ED9C0B722643E77B002418B5 /* Build configuration list for PBXNativeTarget "firebase_test" */;
			buildPhases = (
				448AFBBD759C9E7F065478E5 /* [CP] Check Pods Manifest.lock */,
				ED9C0B442643E776002418B5 /* Sources */,
				ED9C0B452643E776002418B5 /* Frameworks */,
				ED9C0B462643E776002418B5 /* Resources */,
				1BAFE07CF0B0ADCD673DE59E /* [CP] Embed Pods Frameworks */,
			);
			buildRules = (
			);
			dependencies = (
			);
			name = firebase_test;
			productName = firebase_test;
			productReference = ED9C0B482643E776002418B5 /* firebase_test.app */;
			productType = "com.apple.product-type.application";
		};
		ED9C0B5D2643E77B002418B5 /* firebase_testTests */ = {
			isa = PBXNativeTarget;
			buildConfigurationList = ED9C0B752643E77B002418B5 /* Build configuration list for PBXNativeTarget "firebase_testTests" */;
			buildPhases = (
				C36DE8303B0023C4B2BCA061 /* [CP] Check Pods Manifest.lock */,
				ED9C0B5A2643E77B002418B5 /* Sources */,
				ED9C0B5B2643E77B002418B5 /* Frameworks */,
				ED9C0B5C2643E77B002418B5 /* Resources */,
			);
			buildRules = (
			);
			dependencies = (
				ED9C0B602643E77B002418B5 /* PBXTargetDependency */,
			);
			name = firebase_testTests;
			productName = firebase_testTests;
			productReference = ED9C0B5E2643E77B002418B5 /* firebase_testTests.xctest */;
			productType = "com.apple.product-type.bundle.unit-test";
		};
		ED9C0B682643E77B002418B5 /* firebase_testUITests */ = {
			isa = PBXNativeTarget;
			buildConfigurationList = ED9C0B782643E77B002418B5 /* Build configuration list for PBXNativeTarget "firebase_testUITests" */;
			buildPhases = (
				7B1E61BEF1DADD217C7F8C28 /* [CP] Check Pods Manifest.lock */,
				ED9C0B652643E77B002418B5 /* Sources */,
				ED9C0B662643E77B002418B5 /* Frameworks */,
				ED9C0B672643E77B002418B5 /* Resources */,
				E899943AD50AE2586955B656 /* [CP] Embed Pods Frameworks */,
			);
			buildRules = (
			);
			dependencies = (
				ED9C0B6B2643E77B002418B5 /* PBXTargetDependency */,
			);
			name = firebase_testUITests;
			productName = firebase_testUITests;
			productReference = ED9C0B692643E77B002418B5 /* firebase_testUITests.xctest */;
			productType = "com.apple.product-type.bundle.ui-testing";
		};
/* End PBXNativeTarget section */

/* Begin PBXProject section */
		ED9C0B402643E776002418B5 /* Project object */ = {
			isa = PBXProject;
			attributes = {
				LastSwiftUpdateCheck = 1240;
				LastUpgradeCheck = 1240;
				TargetAttributes = {
					ED9C0B472643E776002418B5 = {
						CreatedOnToolsVersion = 12.4;
					};
					ED9C0B5D2643E77B002418B5 = {
						CreatedOnToolsVersion = 12.4;
						TestTargetID = ED9C0B472643E776002418B5;
					};
					ED9C0B682643E77B002418B5 = {
						CreatedOnToolsVersion = 12.4;
						TestTargetID = ED9C0B472643E776002418B5;
					};
				};
			};
			buildConfigurationList = ED9C0B432643E776002418B5 /* Build configuration list for PBXProject "firebase_test" */;
			compatibilityVersion = "Xcode 9.3";
			developmentRegion = en;
			hasScannedForEncodings = 0;
			knownRegions = (
				en,
				Base,
			);
			mainGroup = ED9C0B3F2643E776002418B5;
			productRefGroup = ED9C0B492643E776002418B5 /* Products */;
			projectDirPath = "";
			projectRoot = "";
			targets = (
				ED9C0B472643E776002418B5 /* firebase_test */,
				ED9C0B5D2643E77B002418B5 /* firebase_testTests */,
				ED9C0B682643E77B002418B5 /* firebase_testUITests */,
			);
		};
/* End PBXProject section */

/* Begin PBXResourcesBuildPhase section */
		ED9C0B462643E776002418B5 /* Resources */ = {
			isa = PBXResourcesBuildPhase;
			buildActionMask = 2147483647;
			files = (
				ED9C0B582643E77A002418B5 /* LaunchScreen.storyboard in Resources */,
				ED9C0C69264513CD002418B5 /* GoogleService-Info.plist in Resources */,
				ED9C0B552643E77A002418B5 /* Assets.xcassets in Resources */,
				ED9C0B532643E776002418B5 /* Main.storyboard in Resources */,
			);
			runOnlyForDeploymentPostprocessing = 0;
		};
		ED9C0B5C2643E77B002418B5 /* Resources */ = {
			isa = PBXResourcesBuildPhase;
			buildActionMask = 2147483647;
			files = (
			);
			runOnlyForDeploymentPostprocessing = 0;
		};
		ED9C0B672643E77B002418B5 /* Resources */ = {
			isa = PBXResourcesBuildPhase;
			buildActionMask = 2147483647;
			files = (
			);
			runOnlyForDeploymentPostprocessing = 0;
		};
/* End PBXResourcesBuildPhase section */

/* Begin PBXShellScriptBuildPhase section */
		1BAFE07CF0B0ADCD673DE59E /* [CP] Embed Pods Frameworks */ = {
			isa = PBXShellScriptBuildPhase;
			buildActionMask = 2147483647;
			files = (
			);
			inputFileListPaths = (
				"${PODS_ROOT}/Target Support Files/Pods-firebase_test/Pods-firebase_test-frameworks-${CONFIGURATION}-input-files.xcfilelist",
			);
			name = "[CP] Embed Pods Frameworks";
			outputFileListPaths = (
				"${PODS_ROOT}/Target Support Files/Pods-firebase_test/Pods-firebase_test-frameworks-${CONFIGURATION}-output-files.xcfilelist",
			);
			runOnlyForDeploymentPostprocessing = 0;
			shellPath = /bin/sh;
			shellScript = "\"${PODS_ROOT}/Target Support Files/Pods-firebase_test/Pods-firebase_test-frameworks.sh\"\n";
			showEnvVarsInLog = 0;
		};
		448AFBBD759C9E7F065478E5 /* [CP] Check Pods Manifest.lock */ = {
			isa = PBXShellScriptBuildPhase;
			buildActionMask = 2147483647;
			files = (
			);
			inputFileListPaths = (
			);
			inputPaths = (
				"${PODS_PODFILE_DIR_PATH}/Podfile.lock",
				"${PODS_ROOT}/Manifest.lock",
			);
			name = "[CP] Check Pods Manifest.lock";
			outputFileListPaths = (
			);
			outputPaths = (
				"$(DERIVED_FILE_DIR)/Pods-firebase_test-checkManifestLockResult.txt",
			);
			runOnlyForDeploymentPostprocessing = 0;
			shellPath = /bin/sh;
			shellScript = "diff \"${PODS_PODFILE_DIR_PATH}/Podfile.lock\" \"${PODS_ROOT}/Manifest.lock\" > /dev/null\nif [ $? != 0 ] ; then\n    # print error to STDERR\n    echo \"error: The sandbox is not in sync with the Podfile.lock. Run 'pod install' or update your CocoaPods installation.\" >&2\n    exit 1\nfi\n# This output is used by Xcode 'outputs' to avoid re-running this script phase.\necho \"SUCCESS\" > \"${SCRIPT_OUTPUT_FILE_0}\"\n";
			showEnvVarsInLog = 0;
		};
		7B1E61BEF1DADD217C7F8C28 /* [CP] Check Pods Manifest.lock */ = {
			isa = PBXShellScriptBuildPhase;
			buildActionMask = 2147483647;
			files = (
			);
			inputFileListPaths = (
			);
			inputPaths = (
				"${PODS_PODFILE_DIR_PATH}/Podfile.lock",
				"${PODS_ROOT}/Manifest.lock",
			);
			name = "[CP] Check Pods Manifest.lock";
			outputFileListPaths = (
			);
			outputPaths = (
				"$(DERIVED_FILE_DIR)/Pods-firebase_test-firebase_testUITests-checkManifestLockResult.txt",
			);
			runOnlyForDeploymentPostprocessing = 0;
			shellPath = /bin/sh;
			shellScript = "diff \"${PODS_PODFILE_DIR_PATH}/Podfile.lock\" \"${PODS_ROOT}/Manifest.lock\" > /dev/null\nif [ $? != 0 ] ; then\n    # print error to STDERR\n    echo \"error: The sandbox is not in sync with the Podfile.lock. Run 'pod install' or update your CocoaPods installation.\" >&2\n    exit 1\nfi\n# This output is used by Xcode 'outputs' to avoid re-running this script phase.\necho \"SUCCESS\" > \"${SCRIPT_OUTPUT_FILE_0}\"\n";
			showEnvVarsInLog = 0;
		};
		C36DE8303B0023C4B2BCA061 /* [CP] Check Pods Manifest.lock */ = {
			isa = PBXShellScriptBuildPhase;
			buildActionMask = 2147483647;
			files = (
			);
			inputFileListPaths = (
			);
			inputPaths = (
				"${PODS_PODFILE_DIR_PATH}/Podfile.lock",
				"${PODS_ROOT}/Manifest.lock",
			);
			name = "[CP] Check Pods Manifest.lock";
			outputFileListPaths = (
			);
			outputPaths = (
				"$(DERIVED_FILE_DIR)/Pods-firebase_testTests-checkManifestLockResult.txt",
			);
			runOnlyForDeploymentPostprocessing = 0;
			shellPath = /bin/sh;
			shellScript = "diff \"${PODS_PODFILE_DIR_PATH}/Podfile.lock\" \"${PODS_ROOT}/Manifest.lock\" > /dev/null\nif [ $? != 0 ] ; then\n    # print error to STDERR\n    echo \"error: The sandbox is not in sync with the Podfile.lock. Run 'pod install' or update your CocoaPods installation.\" >&2\n    exit 1\nfi\n# This output is used by Xcode 'outputs' to avoid re-running this script phase.\necho \"SUCCESS\" > \"${SCRIPT_OUTPUT_FILE_0}\"\n";
			showEnvVarsInLog = 0;
		};
		E899943AD50AE2586955B656 /* [CP] Embed Pods Frameworks */ = {
			isa = PBXShellScriptBuildPhase;
			buildActionMask = 2147483647;
			files = (
			);
			inputFileListPaths = (
				"${PODS_ROOT}/Target Support Files/Pods-firebase_test-firebase_testUITests/Pods-firebase_test-firebase_testUITests-frameworks-${CONFIGURATION}-input-files.xcfilelist",
			);
			name = "[CP] Embed Pods Frameworks";
			outputFileListPaths = (
				"${PODS_ROOT}/Target Support Files/Pods-firebase_test-firebase_testUITests/Pods-firebase_test-firebase_testUITests-frameworks-${CONFIGURATION}-output-files.xcfilelist",
			);
			runOnlyForDeploymentPostprocessing = 0;
			shellPath = /bin/sh;
			shellScript = "\"${PODS_ROOT}/Target Support Files/Pods-firebase_test-firebase_testUITests/Pods-firebase_test-firebase_testUITests-frameworks.sh\"\n";
			showEnvVarsInLog = 0;
		};
/* End PBXShellScriptBuildPhase section */

/* Begin PBXSourcesBuildPhase section */
		ED9C0B442643E776002418B5 /* Sources */ = {
			isa = PBXSourcesBuildPhase;
			buildActionMask = 2147483647;
			files = (
				ED9C0B502643E776002418B5 /* ViewController.swift in Sources */,
				ED9C0B4C2643E776002418B5 /* AppDelegate.swift in Sources */,
				ED9C0B4E2643E776002418B5 /* SceneDelegate.swift in Sources */,
			);
			runOnlyForDeploymentPostprocessing = 0;
		};
		ED9C0B5A2643E77B002418B5 /* Sources */ = {
			isa = PBXSourcesBuildPhase;
			buildActionMask = 2147483647;
			files = (
				ED9C0B632643E77B002418B5 /* firebase_testTests.swift in Sources */,
			);
			runOnlyForDeploymentPostprocessing = 0;
		};
		ED9C0B652643E77B002418B5 /* Sources */ = {
			isa = PBXSourcesBuildPhase;
			buildActionMask = 2147483647;
			files = (
				ED9C0B6E2643E77B002418B5 /* firebase_testUITests.swift in Sources */,
			);
			runOnlyForDeploymentPostprocessing = 0;
		};
/* End PBXSourcesBuildPhase section */

/* Begin PBXTargetDependency section */
		ED9C0B602643E77B002418B5 /* PBXTargetDependency */ = {
			isa = PBXTargetDependency;
			target = ED9C0B472643E776002418B5 /* firebase_test */;
			targetProxy = ED9C0B5F2643E77B002418B5 /* PBXContainerItemProxy */;
		};
		ED9C0B6B2643E77B002418B5 /* PBXTargetDependency */ = {
			isa = PBXTargetDependency;
			target = ED9C0B472643E776002418B5 /* firebase_test */;
			targetProxy = ED9C0B6A2643E77B002418B5 /* PBXContainerItemProxy */;
		};
/* End PBXTargetDependency section */

/* Begin PBXVariantGroup section */
		ED9C0B512643E776002418B5 /* Main.storyboard */ = {
			isa = PBXVariantGroup;
			children = (
				ED9C0B522643E776002418B5 /* Base */,
			);
			name = Main.storyboard;
			sourceTree = "<group>";
		};
		ED9C0B562643E77A002418B5 /* LaunchScreen.storyboard */ = {
			isa = PBXVariantGroup;
			children = (
				ED9C0B572643E77A002418B5 /* Base */,
			);
			name = LaunchScreen.storyboard;
			sourceTree = "<group>";
		};
/* End PBXVariantGroup section */

/* Begin XCBuildConfiguration section */
		ED9C0B702643E77B002418B5 /* Debug */ = {
			isa = XCBuildConfiguration;
			buildSettings = {
				ALWAYS_SEARCH_USER_PATHS = NO;
				CLANG_ANALYZER_NONNULL = YES;
				CLANG_ANALYZER_NUMBER_OBJECT_CONVERSION = YES_AGGRESSIVE;
				CLANG_CXX_LANGUAGE_STANDARD = "gnu++14";
				CLANG_CXX_LIBRARY = "libc++";
				CLANG_ENABLE_MODULES = YES;
				CLANG_ENABLE_OBJC_ARC = YES;
				CLANG_ENABLE_OBJC_WEAK = YES;
				CLANG_WARN_BLOCK_CAPTURE_AUTORELEASING = YES;
				CLANG_WARN_BOOL_CONVERSION = YES;
				CLANG_WARN_COMMA = YES;
				CLANG_WARN_CONSTANT_CONVERSION = YES;
				CLANG_WARN_DEPRECATED_OBJC_IMPLEMENTATIONS = YES;
				CLANG_WARN_DIRECT_OBJC_ISA_USAGE = YES_ERROR;
				CLANG_WARN_DOCUMENTATION_COMMENTS = YES;
				CLANG_WARN_EMPTY_BODY = YES;
				CLANG_WARN_ENUM_CONVERSION = YES;
				CLANG_WARN_INFINITE_RECURSION = YES;
				CLANG_WARN_INT_CONVERSION = YES;
				CLANG_WARN_NON_LITERAL_NULL_CONVERSION = YES;
				CLANG_WARN_OBJC_IMPLICIT_RETAIN_SELF = YES;
				CLANG_WARN_OBJC_LITERAL_CONVERSION = YES;
				CLANG_WARN_OBJC_ROOT_CLASS = YES_ERROR;
				CLANG_WARN_QUOTED_INCLUDE_IN_FRAMEWORK_HEADER = YES;
				CLANG_WARN_RANGE_LOOP_ANALYSIS = YES;
				CLANG_WARN_STRICT_PROTOTYPES = YES;
				CLANG_WARN_SUSPICIOUS_MOVE = YES;
				CLANG_WARN_UNGUARDED_AVAILABILITY = YES_AGGRESSIVE;
				CLANG_WARN_UNREACHABLE_CODE = YES;
				CLANG_WARN__DUPLICATE_METHOD_MATCH = YES;
				COPY_PHASE_STRIP = NO;
				DEBUG_INFORMATION_FORMAT = dwarf;
				ENABLE_STRICT_OBJC_MSGSEND = YES;
				ENABLE_TESTABILITY = YES;
				GCC_C_LANGUAGE_STANDARD = gnu11;
				GCC_DYNAMIC_NO_PIC = NO;
				GCC_NO_COMMON_BLOCKS = YES;
				GCC_OPTIMIZATION_LEVEL = 0;
				GCC_PREPROCESSOR_DEFINITIONS = (
					"DEBUG=1",
					"$(inherited)",
				);
				GCC_WARN_64_TO_32_BIT_CONVERSION = YES;
				GCC_WARN_ABOUT_RETURN_TYPE = YES_ERROR;
				GCC_WARN_UNDECLARED_SELECTOR = YES;
				GCC_WARN_UNINITIALIZED_AUTOS = YES_AGGRESSIVE;
				GCC_WARN_UNUSED_FUNCTION = YES;
				GCC_WARN_UNUSED_VARIABLE = YES;
				IPHONEOS_DEPLOYMENT_TARGET = 14.4;
				MTL_ENABLE_DEBUG_INFO = INCLUDE_SOURCE;
				MTL_FAST_MATH = YES;
				ONLY_ACTIVE_ARCH = YES;
				SDKROOT = iphoneos;
				SWIFT_ACTIVE_COMPILATION_CONDITIONS = DEBUG;
				SWIFT_OPTIMIZATION_LEVEL = "-Onone";
			};
			name = Debug;
		};
		ED9C0B712643E77B002418B5 /* Release */ = {
			isa = XCBuildConfiguration;
			buildSettings = {
				ALWAYS_SEARCH_USER_PATHS = NO;
				CLANG_ANALYZER_NONNULL = YES;
				CLANG_ANALYZER_NUMBER_OBJECT_CONVERSION = YES_AGGRESSIVE;
				CLANG_CXX_LANGUAGE_STANDARD = "gnu++14";
				CLANG_CXX_LIBRARY = "libc++";
				CLANG_ENABLE_MODULES = YES;
				CLANG_ENABLE_OBJC_ARC = YES;
				CLANG_ENABLE_OBJC_WEAK = YES;
				CLANG_WARN_BLOCK_CAPTURE_AUTORELEASING = YES;
				CLANG_WARN_BOOL_CONVERSION = YES;
				CLANG_WARN_COMMA = YES;
				CLANG_WARN_CONSTANT_CONVERSION = YES;
				CLANG_WARN_DEPRECATED_OBJC_IMPLEMENTATIONS = YES;
				CLANG_WARN_DIRECT_OBJC_ISA_USAGE = YES_ERROR;
				CLANG_WARN_DOCUMENTATION_COMMENTS = YES;
				CLANG_WARN_EMPTY_BODY = YES;
				CLANG_WARN_ENUM_CONVERSION = YES;
				CLANG_WARN_INFINITE_RECURSION = YES;
				CLANG_WARN_INT_CONVERSION = YES;
				CLANG_WARN_NON_LITERAL_NULL_CONVERSION = YES;
				CLANG_WARN_OBJC_IMPLICIT_RETAIN_SELF = YES;
				CLANG_WARN_OBJC_LITERAL_CONVERSION = YES;
				CLANG_WARN_OBJC_ROOT_CLASS = YES_ERROR;
				CLANG_WARN_QUOTED_INCLUDE_IN_FRAMEWORK_HEADER = YES;
				CLANG_WARN_RANGE_LOOP_ANALYSIS = YES;
				CLANG_WARN_STRICT_PROTOTYPES = YES;
				CLANG_WARN_SUSPICIOUS_MOVE = YES;
				CLANG_WARN_UNGUARDED_AVAILABILITY = YES_AGGRESSIVE;
				CLANG_WARN_UNREACHABLE_CODE = YES;
				CLANG_WARN__DUPLICATE_METHOD_MATCH = YES;
				COPY_PHASE_STRIP = NO;
				DEBUG_INFORMATION_FORMAT = "dwarf-with-dsym";
				ENABLE_NS_ASSERTIONS = NO;
				ENABLE_STRICT_OBJC_MSGSEND = YES;
				GCC_C_LANGUAGE_STANDARD = gnu11;
				GCC_NO_COMMON_BLOCKS = YES;
				GCC_WARN_64_TO_32_BIT_CONVERSION = YES;
				GCC_WARN_ABOUT_RETURN_TYPE = YES_ERROR;
				GCC_WARN_UNDECLARED_SELECTOR = YES;
				GCC_WARN_UNINITIALIZED_AUTOS = YES_AGGRESSIVE;
				GCC_WARN_UNUSED_FUNCTION = YES;
				GCC_WARN_UNUSED_VARIABLE = YES;
				IPHONEOS_DEPLOYMENT_TARGET = 14.4;
				MTL_ENABLE_DEBUG_INFO = NO;
				MTL_FAST_MATH = YES;
				SDKROOT = iphoneos;
				SWIFT_COMPILATION_MODE = wholemodule;
				SWIFT_OPTIMIZATION_LEVEL = "-O";
				VALIDATE_PRODUCT = YES;
			};
			name = Release;
		};
		ED9C0B732643E77B002418B5 /* Debug */ = {
			isa = XCBuildConfiguration;
			baseConfigurationReference = 537D3676446299F32986BFCA /* Pods-firebase_test.debug.xcconfig */;
			buildSettings = {
				ASSETCATALOG_COMPILER_APPICON_NAME = AppIcon;
				ASSETCATALOG_COMPILER_GLOBAL_ACCENT_COLOR_NAME = AccentColor;
				CODE_SIGN_STYLE = Automatic;
				INFOPLIST_FILE = firebase_test/Info.plist;
				LD_RUNPATH_SEARCH_PATHS = (
					"$(inherited)",
					"@executable_path/Frameworks",
				);
				PRODUCT_BUNDLE_IDENTIFIER = "ohsungjoon.firebase-test";
				PRODUCT_NAME = "$(TARGET_NAME)";
				SWIFT_VERSION = 5.0;
				TARGETED_DEVICE_FAMILY = "1,2";
			};
			name = Debug;
		};
		ED9C0B742643E77B002418B5 /* Release */ = {
			isa = XCBuildConfiguration;
			baseConfigurationReference = 776EC7DB31A881C4457E60AD /* Pods-firebase_test.release.xcconfig */;
			buildSettings = {
				ASSETCATALOG_COMPILER_APPICON_NAME = AppIcon;
				ASSETCATALOG_COMPILER_GLOBAL_ACCENT_COLOR_NAME = AccentColor;
				CODE_SIGN_STYLE = Automatic;
				INFOPLIST_FILE = firebase_test/Info.plist;
				LD_RUNPATH_SEARCH_PATHS = (
					"$(inherited)",
					"@executable_path/Frameworks",
				);
				PRODUCT_BUNDLE_IDENTIFIER = "ohsungjoon.firebase-test";
				PRODUCT_NAME = "$(TARGET_NAME)";
				SWIFT_VERSION = 5.0;
				TARGETED_DEVICE_FAMILY = "1,2";
			};
			name = Release;
		};
		ED9C0B762643E77B002418B5 /* Debug */ = {
			isa = XCBuildConfiguration;
			baseConfigurationReference = 99B55ADB38C1D9BAC537B773 /* Pods-firebase_testTests.debug.xcconfig */;
			buildSettings = {
				ALWAYS_EMBED_SWIFT_STANDARD_LIBRARIES = YES;
				BUNDLE_LOADER = "$(TEST_HOST)";
				CODE_SIGN_STYLE = Automatic;
				INFOPLIST_FILE = firebase_testTests/Info.plist;
				IPHONEOS_DEPLOYMENT_TARGET = 14.4;
				LD_RUNPATH_SEARCH_PATHS = (
					"$(inherited)",
					"@executable_path/Frameworks",
					"@loader_path/Frameworks",
				);
				PRODUCT_BUNDLE_IDENTIFIER = "ohsungjoon.firebase-testTests";
				PRODUCT_NAME = "$(TARGET_NAME)";
				SWIFT_VERSION = 5.0;
				TARGETED_DEVICE_FAMILY = "1,2";
				TEST_HOST = "$(BUILT_PRODUCTS_DIR)/firebase_test.app/firebase_test";
			};
			name = Debug;
		};
		ED9C0B772643E77B002418B5 /* Release */ = {
			isa = XCBuildConfiguration;
			baseConfigurationReference = 1A484AB9A5C30C64A4130674 /* Pods-firebase_testTests.release.xcconfig */;
			buildSettings = {
				ALWAYS_EMBED_SWIFT_STANDARD_LIBRARIES = YES;
				BUNDLE_LOADER = "$(TEST_HOST)";
				CODE_SIGN_STYLE = Automatic;
				INFOPLIST_FILE = firebase_testTests/Info.plist;
				IPHONEOS_DEPLOYMENT_TARGET = 14.4;
				LD_RUNPATH_SEARCH_PATHS = (
					"$(inherited)",
					"@executable_path/Frameworks",
					"@loader_path/Frameworks",
				);
				PRODUCT_BUNDLE_IDENTIFIER = "ohsungjoon.firebase-testTests";
				PRODUCT_NAME = "$(TARGET_NAME)";
				SWIFT_VERSION = 5.0;
				TARGETED_DEVICE_FAMILY = "1,2";
				TEST_HOST = "$(BUILT_PRODUCTS_DIR)/firebase_test.app/firebase_test";
			};
			name = Release;
		};
		ED9C0B792643E77B002418B5 /* Debug */ = {
			isa = XCBuildConfiguration;
			baseConfigurationReference = 2EAAA060DCE5CDE9ED9A7D47 /* Pods-firebase_test-firebase_testUITests.debug.xcconfig */;
			buildSettings = {
				ALWAYS_EMBED_SWIFT_STANDARD_LIBRARIES = YES;
				CODE_SIGN_STYLE = Automatic;
				INFOPLIST_FILE = firebase_testUITests/Info.plist;
				LD_RUNPATH_SEARCH_PATHS = (
					"$(inherited)",
					"@executable_path/Frameworks",
					"@loader_path/Frameworks",
				);
				PRODUCT_BUNDLE_IDENTIFIER = "ohsungjoon.firebase-testUITests";
				PRODUCT_NAME = "$(TARGET_NAME)";
				SWIFT_VERSION = 5.0;
				TARGETED_DEVICE_FAMILY = "1,2";
				TEST_TARGET_NAME = firebase_test;
			};
			name = Debug;
		};
		ED9C0B7A2643E77B002418B5 /* Release */ = {
			isa = XCBuildConfiguration;
			baseConfigurationReference = 691495D5FB8999847D304BDD /* Pods-firebase_test-firebase_testUITests.release.xcconfig */;
			buildSettings = {
				ALWAYS_EMBED_SWIFT_STANDARD_LIBRARIES = YES;
				CODE_SIGN_STYLE = Automatic;
				INFOPLIST_FILE = firebase_testUITests/Info.plist;
				LD_RUNPATH_SEARCH_PATHS = (
					"$(inherited)",
					"@executable_path/Frameworks",
					"@loader_path/Frameworks",
				);
				PRODUCT_BUNDLE_IDENTIFIER = "ohsungjoon.firebase-testUITests";
				PRODUCT_NAME = "$(TARGET_NAME)";
				SWIFT_VERSION = 5.0;
				TARGETED_DEVICE_FAMILY = "1,2";
				TEST_TARGET_NAME = firebase_test;
			};
			name = Release;
		};
/* End XCBuildConfiguration section */

/* Begin XCConfigurationList section */
		ED9C0B432643E776002418B5 /* Build configuration list for PBXProject "firebase_test" */ = {
			isa = XCConfigurationList;
			buildConfigurations = (
				ED9C0B702643E77B002418B5 /* Debug */,
				ED9C0B712643E77B002418B5 /* Release */,
			);
			defaultConfigurationIsVisible = 0;
			defaultConfigurationName = Release;
		};
		ED9C0B722643E77B002418B5 /* Build configuration list for PBXNativeTarget "firebase_test" */ = {
			isa = XCConfigurationList;
			buildConfigurations = (
				ED9C0B732643E77B002418B5 /* Debug */,
				ED9C0B742643E77B002418B5 /* Release */,
			);
			defaultConfigurationIsVisible = 0;
			defaultConfigurationName = Release;
		};
		ED9C0B752643E77B002418B5 /* Build configuration list for PBXNativeTarget "firebase_testTests" */ = {
			isa = XCConfigurationList;
			buildConfigurations = (
				ED9C0B762643E77B002418B5 /* Debug */,
				ED9C0B772643E77B002418B5 /* Release */,
			);
			defaultConfigurationIsVisible = 0;
			defaultConfigurationName = Release;
		};
		ED9C0B782643E77B002418B5 /* Build configuration list for PBXNativeTarget "firebase_testUITests" */ = {
			isa = XCConfigurationList;
			buildConfigurations = (
				ED9C0B792643E77B002418B5 /* Debug */,
				ED9C0B7A2643E77B002418B5 /* Release */,
			);
			defaultConfigurationIsVisible = 0;
			defaultConfigurationName = Release;
		};
/* End XCConfigurationList section */
	};
	rootObject = ED9C0B402643E776002418B5 /* Project object */;
}
